
Microsoft Visual Studio Solution File, Format Version 12.00
# Visual Studio Version 17
VisualStudioVersion = 17.5.33627.172
MinimumVisualStudioVersion = 10.0.40219.1
Project("{FAE04EC0-301F-11D3-BF4B-00C04F79EFBC}") = "ControlDisplayInputSource", "ControlDisplayInputSource\ControlDisplayInputSource.csproj", "{D81037BB-CF2D-4B16-8BBC-E66B526F8A89}"
EndProject
Project("{FAE04EC0-301F-11D3-BF4B-00C04F79EFBC}") = "ControlDisplayInputSource.Core", "ControlDisplayInputSource.Core\ControlDisplayInputSource.Core.csproj", "{BFE7EAD9-182A-4040-8493-05BED35237EE}"
EndProject
Global
	GlobalSection(SolutionConfigurationPlatforms) = preSolution
		Debug|Any CPU = Debug|Any CPU
		Release|Any CPU = Release|Any CPU
	EndGlobalSection
	GlobalSection(ProjectConfigurationPlatforms) = postSolution
		{D81037BB-CF2D-4B16-8BBC-E66B526F8A89}.Debug|Any CPU.ActiveCfg = Debug|Any CPU
		{D81037BB-CF2D-4B16-8BBC-E66B526F8A89}.Debug|Any CPU.Build.0 = Debug|Any CPU
		{D81037BB-CF2D-4B16-8BBC-E66B526F8A89}.Release|Any CPU.ActiveCfg = Release|Any CPU
		{D81037BB-CF2D-4B16-8BBC-E66B526F8A89}.Release|Any CPU.Build.0 = Release|Any CPU
		{BFE7EAD9-182A-4040-8493-05BED35237EE}.Debug|Any CPU.ActiveCfg = Debug|Any CPU
		{BFE7EAD9-182A-4040-8493-05BED35237EE}.Debug|Any CPU.Build.0 = Debug|Any CPU
		{BFE7EAD9-182A-4040-8493-05BED35237EE}.Release|Any CPU.ActiveCfg = Release|Any CPU
		{BFE7EAD9-182A-4040-8493-05BED35237EE}.Release|Any CPU.Build.0 = Release|Any CPU
	EndGlobalSection
	GlobalSection(SolutionProperties) = preSolution
		HideSolutionNode = FALSE
	EndGlobalSection
	GlobalSection(ExtensibilityGlobals) = postSolution
		SolutionGuid = {A6F3B8F2-C981-4E46-8428-A3843BAF1A1E}
	EndGlobalSection
EndGlobal
